
Microsoft Visual Studio Solution File, Format Version 12.00
# Visual Studio 14
VisualStudioVersion = 14.0.25420.1
MinimumVisualStudioVersion = 10.0.40219.1
Project("{FAE04EC0-301F-11D3-BF4B-00C04F79EFBC}") = "Rattail", "Rattail\Rattail.csproj", "{451CFD4B-8342-4FF0-9975-9C5DA3380CF9}"
EndProject
Project("{FAE04EC0-301F-11D3-BF4B-00C04F79EFBC}") = "Plusii.Shared", "Plusii.Shared\Plusii.Shared.csproj", "{B92FDF0D-88E8-44BB-9338-669C406D290C}"
EndProject
Project("{FAE04EC0-301F-11D3-BF4B-00C04F79EFBC}") = "Plusii.Windows", "Plusii.Windows\Plusii.Windows.csproj", "{5C959270-C989-4ADF-B902-183DE042EB10}"
EndProject
Project("{2150E333-8FDC-42A3-9474-1A3956D46DE8}") = "docs", "docs", "{E613BF84-4D12-4F11-86F4-E705A2131FED}"
	ProjectSection(SolutionItems) = preProject
		LICENSE = LICENSE
		README.md = README.md
	EndProjectSection
EndProject
Global
	GlobalSection(SolutionConfigurationPlatforms) = preSolution
		Debug|Any CPU = Debug|Any CPU
		Release|Any CPU = Release|Any CPU
	EndGlobalSection
	GlobalSection(ProjectConfigurationPlatforms) = postSolution
		{451CFD4B-8342-4FF0-9975-9C5DA3380CF9}.Debug|Any CPU.ActiveCfg = Debug|Any CPU
		{451CFD4B-8342-4FF0-9975-9C5DA3380CF9}.Debug|Any CPU.Build.0 = Debug|Any CPU
		{451CFD4B-8342-4FF0-9975-9C5DA3380CF9}.Release|Any CPU.ActiveCfg = Release|Any CPU
		{451CFD4B-8342-4FF0-9975-9C5DA3380CF9}.Release|Any CPU.Build.0 = Release|Any CPU
		{B92FDF0D-88E8-44BB-9338-669C406D290C}.Debug|Any CPU.ActiveCfg = Debug|Any CPU
		{B92FDF0D-88E8-44BB-9338-669C406D290C}.Debug|Any CPU.Build.0 = Debug|Any CPU
		{B92FDF0D-88E8-44BB-9338-669C406D290C}.Release|Any CPU.ActiveCfg = Release|Any CPU
		{B92FDF0D-88E8-44BB-9338-669C406D290C}.Release|Any CPU.Build.0 = Release|Any CPU
		{5C959270-C989-4ADF-B902-183DE042EB10}.Debug|Any CPU.ActiveCfg = Debug|Any CPU
		{5C959270-C989-4ADF-B902-183DE042EB10}.Debug|Any CPU.Build.0 = Debug|Any CPU
		{5C959270-C989-4ADF-B902-183DE042EB10}.Release|Any CPU.ActiveCfg = Release|Any CPU
		{5C959270-C989-4ADF-B902-183DE042EB10}.Release|Any CPU.Build.0 = Release|Any CPU
	EndGlobalSection
	GlobalSection(SolutionProperties) = preSolution
		HideSolutionNode = FALSE
	EndGlobalSection
EndGlobal
